
Microsoft Visual Studio Solution File, Format Version 12.00
# Visual Studio Version 17
VisualStudioVersion = 17.10.34916.146
MinimumVisualStudioVersion = 10.0.40219.1
Project("{FAE04EC0-301F-11D3-BF4B-00C04F79EFBC}") = "WebApplication16", "WebApplication16\WebApplication16.csproj", "{AC9F2313-710A-4062-ACC1-8E35697B1884}"
EndProject
Global
	GlobalSection(SolutionConfigurationPlatforms) = preSolution
		Debug|Any CPU = Debug|Any CPU
		Release|Any CPU = Release|Any CPU
	EndGlobalSection
	GlobalSection(ProjectConfigurationPlatforms) = postSolution
		{AC9F2313-710A-4062-ACC1-8E35697B1884}.Debug|Any CPU.ActiveCfg = Debug|Any CPU
		{AC9F2313-710A-4062-ACC1-8E35697B1884}.Debug|Any CPU.Build.0 = Debug|Any CPU
		{AC9F2313-710A-4062-ACC1-8E35697B1884}.Release|Any CPU.ActiveCfg = Release|Any CPU
		{AC9F2313-710A-4062-ACC1-8E35697B1884}.Release|Any CPU.Build.0 = Release|Any CPU
	EndGlobalSection
	GlobalSection(SolutionProperties) = preSolution
		HideSolutionNode = FALSE
	EndGlobalSection
	GlobalSection(ExtensibilityGlobals) = postSolution
		SolutionGuid = {183E7236-F5B9-4D28-A774-A332883B09F0}
	EndGlobalSection
EndGlobal
